
Microsoft Visual Studio Solution File, Format Version 12.00
# Visual Studio Version 16
VisualStudioVersion = 16.0.30804.86
MinimumVisualStudioVersion = 10.0.40219.1
Project("{FAE04EC0-301F-11D3-BF4B-00C04F79EFBC}") = "DevCars.API", "DevCars.API\DevCars.API.csproj", "{9912BFD0-0D11-4BFE-BBF6-51125D83AA37}"
EndProject
Global
	GlobalSection(SolutionConfigurationPlatforms) = preSolution
		Debug|Any CPU = Debug|Any CPU
		Release|Any CPU = Release|Any CPU
	EndGlobalSection
	GlobalSection(ProjectConfigurationPlatforms) = postSolution
		{9912BFD0-0D11-4BFE-BBF6-51125D83AA37}.Debug|Any CPU.ActiveCfg = Debug|Any CPU
		{9912BFD0-0D11-4BFE-BBF6-51125D83AA37}.Debug|Any CPU.Build.0 = Debug|Any CPU
		{9912BFD0-0D11-4BFE-BBF6-51125D83AA37}.Release|Any CPU.ActiveCfg = Release|Any CPU
		{9912BFD0-0D11-4BFE-BBF6-51125D83AA37}.Release|Any CPU.Build.0 = Release|Any CPU
	EndGlobalSection
	GlobalSection(SolutionProperties) = preSolution
		HideSolutionNode = FALSE
	EndGlobalSection
	GlobalSection(ExtensibilityGlobals) = postSolution
		SolutionGuid = {29889495-647F-4A03-B6F8-FCEF6280445F}
	EndGlobalSection
EndGlobal
